
Microsoft Visual Studio Solution File, Format Version 12.00
# Visual Studio Version 16
VisualStudioVersion = 16.0.30503.244
MinimumVisualStudioVersion = 10.0.40219.1
Project("{FAE04EC0-301F-11D3-BF4B-00C04F79EFBC}") = "Lab3.Objects", "Lab3.Objects\Lab3.Objects.csproj", "{33C0F8F3-E08D-4591-9498-082CBFB7D1AA}"
EndProject
Global
	GlobalSection(SolutionConfigurationPlatforms) = preSolution
		Debug|Any CPU = Debug|Any CPU
		Release|Any CPU = Release|Any CPU
	EndGlobalSection
	GlobalSection(ProjectConfigurationPlatforms) = postSolution
		{33C0F8F3-E08D-4591-9498-082CBFB7D1AA}.Debug|Any CPU.ActiveCfg = Debug|Any CPU
		{33C0F8F3-E08D-4591-9498-082CBFB7D1AA}.Debug|Any CPU.Build.0 = Debug|Any CPU
		{33C0F8F3-E08D-4591-9498-082CBFB7D1AA}.Release|Any CPU.ActiveCfg = Release|Any CPU
		{33C0F8F3-E08D-4591-9498-082CBFB7D1AA}.Release|Any CPU.Build.0 = Release|Any CPU
	EndGlobalSection
	GlobalSection(SolutionProperties) = preSolution
		HideSolutionNode = FALSE
	EndGlobalSection
	GlobalSection(ExtensibilityGlobals) = postSolution
		SolutionGuid = {655F1205-BE92-4F13-B9C5-4DA6151BBD3B}
	EndGlobalSection
EndGlobal
