
Microsoft Visual Studio Solution File, Format Version 12.00
# Visual Studio Version 16
VisualStudioVersion = 16.0.30503.244
MinimumVisualStudioVersion = 10.0.40219.1
Project("{2150E333-8FDC-42A3-9474-1A3956D46DE8}") = "Lab1", "Lab1", "{F9AFE512-F2A1-4726-9092-22637CEAC013}"
EndProject
Project("{FAE04EC0-301F-11D3-BF4B-00C04F79EFBC}") = "4сем_c_sharp_1", "..\4сем_c_sharp_1\4сем_c_sharp_1\4сем_c_sharp_1.csproj", "{5918AB67-AF54-4044-BDC8-BD6A33980AFF}"
EndProject
Global
	GlobalSection(SolutionConfigurationPlatforms) = preSolution
		Debug|Any CPU = Debug|Any CPU
		Release|Any CPU = Release|Any CPU
	EndGlobalSection
	GlobalSection(ProjectConfigurationPlatforms) = postSolution
		{5918AB67-AF54-4044-BDC8-BD6A33980AFF}.Debug|Any CPU.ActiveCfg = Debug|Any CPU
		{5918AB67-AF54-4044-BDC8-BD6A33980AFF}.Debug|Any CPU.Build.0 = Debug|Any CPU
		{5918AB67-AF54-4044-BDC8-BD6A33980AFF}.Release|Any CPU.ActiveCfg = Release|Any CPU
		{5918AB67-AF54-4044-BDC8-BD6A33980AFF}.Release|Any CPU.Build.0 = Release|Any CPU
	EndGlobalSection
	GlobalSection(SolutionProperties) = preSolution
		HideSolutionNode = FALSE
	EndGlobalSection
	GlobalSection(NestedProjects) = preSolution
		{5918AB67-AF54-4044-BDC8-BD6A33980AFF} = {F9AFE512-F2A1-4726-9092-22637CEAC013}
	EndGlobalSection
	GlobalSection(ExtensibilityGlobals) = postSolution
		SolutionGuid = {DACF2096-0CFA-4AFB-80EE-59D792CBFD76}
	EndGlobalSection
EndGlobal
