
Microsoft Visual Studio Solution File, Format Version 12.00
# Visual Studio Version 16
VisualStudioVersion = 16.0.30503.244
MinimumVisualStudioVersion = 10.0.40219.1
Project("{FAE04EC0-301F-11D3-BF4B-00C04F79EFBC}") = "4сем_c_sharp_5", "4сем_c_sharp_5\4сем_c_sharp_5.csproj", "{443909DB-98DF-41AE-B6F8-608722F6417D}"
EndProject
Global
	GlobalSection(SolutionConfigurationPlatforms) = preSolution
		Debug|Any CPU = Debug|Any CPU
		Release|Any CPU = Release|Any CPU
	EndGlobalSection
	GlobalSection(ProjectConfigurationPlatforms) = postSolution
		{443909DB-98DF-41AE-B6F8-608722F6417D}.Debug|Any CPU.ActiveCfg = Debug|Any CPU
		{443909DB-98DF-41AE-B6F8-608722F6417D}.Debug|Any CPU.Build.0 = Debug|Any CPU
		{443909DB-98DF-41AE-B6F8-608722F6417D}.Release|Any CPU.ActiveCfg = Release|Any CPU
		{443909DB-98DF-41AE-B6F8-608722F6417D}.Release|Any CPU.Build.0 = Release|Any CPU
	EndGlobalSection
	GlobalSection(SolutionProperties) = preSolution
		HideSolutionNode = FALSE
	EndGlobalSection
	GlobalSection(ExtensibilityGlobals) = postSolution
		SolutionGuid = {AAD8331B-7106-40BA-BBE2-2708F9D2575C}
	EndGlobalSection
EndGlobal
