
Microsoft Visual Studio Solution File, Format Version 12.00
# Visual Studio Version 16
VisualStudioVersion = 16.0.30503.244
MinimumVisualStudioVersion = 10.0.40219.1
Project("{FAE04EC0-301F-11D3-BF4B-00C04F79EFBC}") = "4сем_c_sharp_4", "4сем_c_sharp_4\4сем_c_sharp_4.csproj", "{C043E9D1-03A9-4492-B09F-778434E05ECD}"
EndProject
Global
	GlobalSection(SolutionConfigurationPlatforms) = preSolution
		Debug|Any CPU = Debug|Any CPU
		Release|Any CPU = Release|Any CPU
	EndGlobalSection
	GlobalSection(ProjectConfigurationPlatforms) = postSolution
		{C043E9D1-03A9-4492-B09F-778434E05ECD}.Debug|Any CPU.ActiveCfg = Debug|Any CPU
		{C043E9D1-03A9-4492-B09F-778434E05ECD}.Debug|Any CPU.Build.0 = Debug|Any CPU
		{C043E9D1-03A9-4492-B09F-778434E05ECD}.Release|Any CPU.ActiveCfg = Release|Any CPU
		{C043E9D1-03A9-4492-B09F-778434E05ECD}.Release|Any CPU.Build.0 = Release|Any CPU
	EndGlobalSection
	GlobalSection(SolutionProperties) = preSolution
		HideSolutionNode = FALSE
	EndGlobalSection
	GlobalSection(ExtensibilityGlobals) = postSolution
		SolutionGuid = {FD4856E6-1F4E-4BFF-B6AD-FA245F32AD35}
	EndGlobalSection
EndGlobal
